
Microsoft Visual Studio Solution File, Format Version 12.00
# Visual Studio Version 16
VisualStudioVersion = 16.0.31829.152
MinimumVisualStudioVersion = 10.0.40219.1
Project("{FAE04EC0-301F-11D3-BF4B-00C04F79EFBC}") = "AuthServer.API", "AuthServer.API\AuthServer.API.csproj", "{D9D160E0-C074-4262-91DF-688373ABD793}"
EndProject
Project("{FAE04EC0-301F-11D3-BF4B-00C04F79EFBC}") = "AuthServer.Core", "AuthServer.Core\AuthServer.Core.csproj", "{4F9E98E3-F301-4AE0-BEC0-373E2044EDAA}"
EndProject
Project("{FAE04EC0-301F-11D3-BF4B-00C04F79EFBC}") = "AuthServer.Data", "AuthServer.Data\AuthServer.Data.csproj", "{D26363A1-7A75-4159-AA41-7DE9D6A3AE9C}"
EndProject
Project("{FAE04EC0-301F-11D3-BF4B-00C04F79EFBC}") = "AuthServer.Service", "AuthServer.Service\AuthServer.Service.csproj", "{3CDA2299-7854-4088-B86A-0AA2C1CB8086}"
EndProject
Project("{FAE04EC0-301F-11D3-BF4B-00C04F79EFBC}") = "AuthServer.SharedLibrary", "AuthServer.SharedLibrary\AuthServer.SharedLibrary.csproj", "{F8CE2980-A46A-4475-8F1D-65C84E7025E9}"
EndProject
Global
	GlobalSection(SolutionConfigurationPlatforms) = preSolution
		Debug|Any CPU = Debug|Any CPU
		Release|Any CPU = Release|Any CPU
	EndGlobalSection
	GlobalSection(ProjectConfigurationPlatforms) = postSolution
		{D9D160E0-C074-4262-91DF-688373ABD793}.Debug|Any CPU.ActiveCfg = Debug|Any CPU
		{D9D160E0-C074-4262-91DF-688373ABD793}.Debug|Any CPU.Build.0 = Debug|Any CPU
		{D9D160E0-C074-4262-91DF-688373ABD793}.Release|Any CPU.ActiveCfg = Release|Any CPU
		{D9D160E0-C074-4262-91DF-688373ABD793}.Release|Any CPU.Build.0 = Release|Any CPU
		{4F9E98E3-F301-4AE0-BEC0-373E2044EDAA}.Debug|Any CPU.ActiveCfg = Debug|Any CPU
		{4F9E98E3-F301-4AE0-BEC0-373E2044EDAA}.Debug|Any CPU.Build.0 = Debug|Any CPU
		{4F9E98E3-F301-4AE0-BEC0-373E2044EDAA}.Release|Any CPU.ActiveCfg = Release|Any CPU
		{4F9E98E3-F301-4AE0-BEC0-373E2044EDAA}.Release|Any CPU.Build.0 = Release|Any CPU
		{D26363A1-7A75-4159-AA41-7DE9D6A3AE9C}.Debug|Any CPU.ActiveCfg = Debug|Any CPU
		{D26363A1-7A75-4159-AA41-7DE9D6A3AE9C}.Debug|Any CPU.Build.0 = Debug|Any CPU
		{D26363A1-7A75-4159-AA41-7DE9D6A3AE9C}.Release|Any CPU.ActiveCfg = Release|Any CPU
		{D26363A1-7A75-4159-AA41-7DE9D6A3AE9C}.Release|Any CPU.Build.0 = Release|Any CPU
		{3CDA2299-7854-4088-B86A-0AA2C1CB8086}.Debug|Any CPU.ActiveCfg = Debug|Any CPU
		{3CDA2299-7854-4088-B86A-0AA2C1CB8086}.Debug|Any CPU.Build.0 = Debug|Any CPU
		{3CDA2299-7854-4088-B86A-0AA2C1CB8086}.Release|Any CPU.ActiveCfg = Release|Any CPU
		{3CDA2299-7854-4088-B86A-0AA2C1CB8086}.Release|Any CPU.Build.0 = Release|Any CPU
		{F8CE2980-A46A-4475-8F1D-65C84E7025E9}.Debug|Any CPU.ActiveCfg = Debug|Any CPU
		{F8CE2980-A46A-4475-8F1D-65C84E7025E9}.Debug|Any CPU.Build.0 = Debug|Any CPU
		{F8CE2980-A46A-4475-8F1D-65C84E7025E9}.Release|Any CPU.ActiveCfg = Release|Any CPU
		{F8CE2980-A46A-4475-8F1D-65C84E7025E9}.Release|Any CPU.Build.0 = Release|Any CPU
	EndGlobalSection
	GlobalSection(SolutionProperties) = preSolution
		HideSolutionNode = FALSE
	EndGlobalSection
	GlobalSection(ExtensibilityGlobals) = postSolution
		SolutionGuid = {B5B15BF4-6834-4B4B-86E2-EC204D7EF61D}
	EndGlobalSection
EndGlobal
